
Microsoft Visual Studio Solution File, Format Version 12.00
# Visual Studio 14
VisualStudioVersion = 14.0.25123.0
MinimumVisualStudioVersion = 10.0.40219.1
Project("{FAE04EC0-301F-11D3-BF4B-00C04F79EFBC}") = "DevOpsDemo", "DevOpsDemo\DevOpsDemo.csproj", "{A26B381A-7ABE-4957-8871-5685B410A4E9}"
EndProject
Project("{FAE04EC0-301F-11D3-BF4B-00C04F79EFBC}") = "DevOpsDemoTests", "DevOpsDemoTests\DevOpsDemoTests.csproj", "{967BBD3F-EF7A-45FF-BEA2-E9D1B3620BCD}"
EndProject
Project("{FAE04EC0-301F-11D3-BF4B-00C04F79EFBC}") = "DemoLoadTest", "DemoLoadTest\DemoLoadTest.csproj", "{285B9047-0663-4776-86A0-482DA736FEA5}"
EndProject
Project("{2150E333-8FDC-42A3-9474-1A3956D46DE8}") = "Solution Items", "Solution Items", "{B14B3BDE-94C7-451B-A5C5-B5D35C4C1EA2}"
	ProjectSection(SolutionItems) = preProject
		Local.testsettings = Local.testsettings
	EndProjectSection
EndProject
Global
	GlobalSection(SolutionConfigurationPlatforms) = preSolution
		Debug|Any CPU = Debug|Any CPU
		Release|Any CPU = Release|Any CPU
	EndGlobalSection
	GlobalSection(ProjectConfigurationPlatforms) = postSolution
		{A26B381A-7ABE-4957-8871-5685B410A4E9}.Debug|Any CPU.ActiveCfg = Debug|Any CPU
		{A26B381A-7ABE-4957-8871-5685B410A4E9}.Debug|Any CPU.Build.0 = Debug|Any CPU
		{A26B381A-7ABE-4957-8871-5685B410A4E9}.Release|Any CPU.ActiveCfg = Release|Any CPU
		{A26B381A-7ABE-4957-8871-5685B410A4E9}.Release|Any CPU.Build.0 = Release|Any CPU
		{967BBD3F-EF7A-45FF-BEA2-E9D1B3620BCD}.Debug|Any CPU.ActiveCfg = Debug|Any CPU
		{967BBD3F-EF7A-45FF-BEA2-E9D1B3620BCD}.Debug|Any CPU.Build.0 = Debug|Any CPU
		{967BBD3F-EF7A-45FF-BEA2-E9D1B3620BCD}.Release|Any CPU.ActiveCfg = Release|Any CPU
		{967BBD3F-EF7A-45FF-BEA2-E9D1B3620BCD}.Release|Any CPU.Build.0 = Release|Any CPU
		{285B9047-0663-4776-86A0-482DA736FEA5}.Debug|Any CPU.ActiveCfg = Debug|Any CPU
		{285B9047-0663-4776-86A0-482DA736FEA5}.Debug|Any CPU.Build.0 = Debug|Any CPU
		{285B9047-0663-4776-86A0-482DA736FEA5}.Release|Any CPU.ActiveCfg = Release|Any CPU
		{285B9047-0663-4776-86A0-482DA736FEA5}.Release|Any CPU.Build.0 = Release|Any CPU
	EndGlobalSection
	GlobalSection(SolutionProperties) = preSolution
		HideSolutionNode = FALSE
	EndGlobalSection
	GlobalSection(TeamFoundationVersionControl) = preSolution
		SccNumberOfProjects = 4
		SccEnterpriseProvider = {4CA58AB2-18FA-4F8D-95D4-32DDF27D184C}
		SccTeamFoundationServer = https://kangkan.visualstudio.com/
		SccLocalPath0 = .
		SccProjectUniqueName1 = DevOpsDemo\\DevOpsDemo.csproj
		SccProjectName1 = DevOpsDemo
		SccLocalPath1 = DevOpsDemo
		SccProjectUniqueName2 = DevOpsDemoTests\\DevOpsDemoTests.csproj
		SccProjectName2 = DevOpsDemoTests
		SccLocalPath2 = DevOpsDemoTests
		SccProjectUniqueName3 = DemoLoadTest\\DemoLoadTest.csproj
		SccProjectName3 = DemoLoadTest
		SccLocalPath3 = DemoLoadTest
	EndGlobalSection
EndGlobal
